{
  "name": "store",
  "version": "1.0.0",
  "lockfileVersion": 1,
  "requires": true,
  "dependencies": {
    "@ckeditor/ckeditor5-build-classic": {
      "version": "10.1.0",
      "resolved": "https://registry.npmjs.org/@ckeditor/ckeditor5-build-classic/-/ckeditor5-build-classic-10.1.0.tgz",
      "integrity": "sha1-jvRZdhFfLRt0eGW42JLEGd+CkfQ="
    },
    "almond": {
      "version": "0.3.3",
      "resolved": "https://registry.npmjs.org/almond/-/almond-0.3.3.tgz",
      "integrity": "sha1-oOfJWsdiTWQXtElLHmi/9pMWiiA="
    },
    "bootstrap": {
      "version": "3.3.7",
      "resolved": "https://registry.npmjs.org/bootstrap/-/bootstrap-3.3.7.tgz",
      "integrity": "sha1-WjiTlFSfIzMIdaOxUGVldPip63E="
    },
    "ckeditor-full": {
      "version": "4.7.3",
      "resolved": "https://registry.npmjs.org/ckeditor-full/-/ckeditor-full-4.7.3.tgz",
      "integrity": "sha1-8vJ3dFVJYGlhh/1IGq9NkPQCn8Y="
    },
    "datatables": {
      "version": "1.10.18",
      "resolved": "https://registry.npmjs.org/datatables/-/datatables-1.10.18.tgz",
      "integrity": "sha512-ntatMgS9NN6UMpwbmO+QkYJuKlVeMA2Mi0Gu/QxyIh+dW7ZjLSDhPT2tWlzjpIWEkDYgieDzS9Nu7bdQCW0sbQ==",
      "requires": {
        "jquery": "3.3.1"
      }
    },
    "datatables-bootstrap3-plugin": {
      "version": "0.5.0",
      "resolved": "https://registry.npmjs.org/datatables-bootstrap3-plugin/-/datatables-bootstrap3-plugin-0.5.0.tgz",
      "integrity": "sha1-zU2KvBEvPjDtL2ub5mNlY/xS62g=",
      "requires": {
        "bootstrap": "3.3.7",
        "datatables": "1.10.18",
        "font-awesome": "4.7.0",
        "jquery": "1.11.3"
      },
      "dependencies": {
        "jquery": {
          "version": "1.11.3",
          "resolved": "https://registry.npmjs.org/jquery/-/jquery-1.11.3.tgz",
          "integrity": "sha1-3Yt0J4snEC0p32Pq4oMIqM+htYM="
        }
      }
    },
    "datatables.net": {
      "version": "1.10.19",
      "resolved": "https://registry.npmjs.org/datatables.net/-/datatables.net-1.10.19.tgz",
      "integrity": "sha512-+ljXcI6Pj3PTGy5pesp3E5Dr3x3AV45EZe0o1r0gKENN2gafBKXodVnk2ypKwl2tTmivjxbkiqoWnipTefyBTA==",
      "requires": {
        "jquery": "3.3.1"
      }
    },
    "datatables.net-bs": {
      "version": "1.10.19",
      "resolved": "https://registry.npmjs.org/datatables.net-bs/-/datatables.net-bs-1.10.19.tgz",
      "integrity": "sha512-5gxoI2n+duZP06+4xVC2TtH6zcY369/TRKTZ1DdSgDcDUl4OYQsrXCuaLJmbVzna/5Y5lrMmK7CxgvYgIynICA==",
      "requires": {
        "datatables.net": "1.10.19",
        "jquery": "3.3.1"
      }
    },
    "font-awesome": {
      "version": "4.7.0",
      "resolved": "https://registry.npmjs.org/font-awesome/-/font-awesome-4.7.0.tgz",
      "integrity": "sha1-j6jPBBGhoxr9B7BtKQK7n8gVoTM="
    },
    "fontawesome-iconpicker": {
      "version": "1.4.1",
      "resolved": "https://registry.npmjs.org/fontawesome-iconpicker/-/fontawesome-iconpicker-1.4.1.tgz",
      "integrity": "sha512-GSEB5BWwg/4s6EZj+AxZdj2G9+2JGbXwvLAOuoYK4xNGdjEc4del+Cnt8ELQYGVjeA0m++bLqII7ErQ3OWyVyQ=="
    },
    "jquery": {
      "version": "3.3.1",
      "resolved": "https://registry.npmjs.org/jquery/-/jquery-3.3.1.tgz",
      "integrity": "sha512-Ubldcmxp5np52/ENotGxlLe6aGMvmF4R8S6tZjsP6Knsaxd/xp3Zrh50cG93lR6nPXyUFwzN3ZSOQI0wRJNdGg=="
    },
    "jquery-mousewheel": {
      "version": "3.1.13",
      "resolved": "https://registry.npmjs.org/jquery-mousewheel/-/jquery-mousewheel-3.1.13.tgz",
      "integrity": "sha1-BvAzXxbjU6aV5yBr9QUDy1I6buU="
    },
    "jquery-ui": {
      "version": "github:components/jqueryui#c34f8dbf3ba57b3784b93f26119f436c0e8288e1",
      "from": "github:components/jqueryui#c34f8dbf3ba57b3784b93f26119f436c0e8288e1"
    },
    "select2": {
      "version": "4.0.6-rc.1",
      "resolved": "https://registry.npmjs.org/select2/-/select2-4.0.6-rc.1.tgz",
      "integrity": "sha1-qmwwOKfw8ukf+t448KIcFeGBMnY=",
      "requires": {
        "almond": "0.3.3",
        "jquery-mousewheel": "3.1.13"
      }
    },
    "slick-carousel": {
      "version": "1.8.1",
      "resolved": "https://registry.npmjs.org/slick-carousel/-/slick-carousel-1.8.1.tgz",
      "integrity": "sha512-XB9Ftrf2EEKfzoQXt3Nitrt/IPbT+f1fgqBdoxO3W/+JYvtEOW6EgxnWfr9GH6nmULv7Y2tPmEX3koxThVmebA=="
    },
    "tinymce": {
      "version": "4.9.10",
      "resolved": "https://registry.npmjs.org/tinymce/-/tinymce-4.9.10.tgz",
      "integrity": "sha512-vyzGG04Q44Y7zWIKA4c+G7MxMCsed6JkrhU+k0TaDs9XKAiS+e+D3Fzz5OIJ7p5keF7lbRK5czgI8T1JtouZqw=="
    },
    "toastr": {
      "version": "2.1.4",
      "resolved": "https://registry.npmjs.org/toastr/-/toastr-2.1.4.tgz",
      "integrity": "sha1-i0O+ZPudDEFIcURvLbjoyk6V8YE=",
      "requires": {
        "jquery": "3.3.1"
      }
    }
  }
}
